// !$*UTF8*$!
{
	archiveVersion = 1;
	classes = {
	};
	objectVersion = 77;
	objects = {

/* Begin PBXBuildFile section */
		A1A1A1A1A1A1A1A1A1A10012 /* PianoCore in Frameworks */ = {isa = PBXBuildFile; productRef = A1A1A1A1A1A1A1A1A1A10011 /* PianoCore */; };
/* End PBXBuildFile section */

/* Begin PBXContainerItemProxy section */
		A1A1A1A1A1A1A1A1A1A10029 /* PBXContainerItemProxy */ = {
			isa = PBXContainerItemProxy;
			containerPortal = A1A1A1A1A1A1A1A1A1A10001 /* Project object */;
			proxyType = 1;
			remoteGlobalIDString = A1A1A1A1A1A1A1A1A1A10004;
			remoteInfo = PianoApp;
		};
/* End PBXContainerItemProxy section */

/* Begin PBXFileReference section */
		A1A1A1A1A1A1A1A1A1A10005 /* PianoApp.app */ = {isa = PBXFileReference; explicitFileType = wrapper.application; includeInIndex = 0; path = PianoApp.app; sourceTree = BUILT_PRODUCTS_DIR; };
		A1A1A1A1A1A1A1A1A1A10021 /* PianoAppUITests.xctest */ = {isa = PBXFileReference; explicitFileType = wrapper.cfbundle; includeInIndex = 0; path = PianoAppUITests.xctest; sourceTree = BUILT_PRODUCTS_DIR; };
/* End PBXFileReference section */

/* Begin PBXFileSystemSynchronizedRootGroup section */
		A1A1A1A1A1A1A1A1A1A10006 /* PianoApp */ = {
			isa = PBXFileSystemSynchronizedRootGroup;
			path = PianoApp;
			sourceTree = "<group>";
		};
		A1A1A1A1A1A1A1A1A1A10022 /* PianoAppUITests */ = {
			isa = PBXFileSystemSynchronizedRootGroup;
			path = PianoAppUITests;
			sourceTree = "<group>";
		};
/* End PBXFileSystemSynchronizedRootGroup section */

/* Begin PBXFrameworksBuildPhase section */
		A1A1A1A1A1A1A1A1A1A10008 /* Frameworks */ = {
			isa = PBXFrameworksBuildPhase;
			buildActionMask = 2147483647;
			files = (
				A1A1A1A1A1A1A1A1A1A10012 /* PianoCore in Frameworks */,
			);
			runOnlyForDeploymentPostprocessing = 0;
		};
		A1A1A1A1A1A1A1A1A1A10024 /* Frameworks */ = {
			isa = PBXFrameworksBuildPhase;
			buildActionMask = 2147483647;
			files = (
			);
			runOnlyForDeploymentPostprocessing = 0;
		};
/* End PBXFrameworksBuildPhase section */

/* Begin PBXGroup section */
		A1A1A1A1A1A1A1A1A1A10002 = {
			isa = PBXGroup;
			children = (
				A1A1A1A1A1A1A1A1A1A10006 /* PianoApp */,
				A1A1A1A1A1A1A1A1A1A10022 /* PianoAppUITests */,
				A1A1A1A1A1A1A1A1A1A10003 /* Products */,
			);
			sourceTree = "<group>";
		};
		A1A1A1A1A1A1A1A1A1A10003 /* Products */ = {
			isa = PBXGroup;
			children = (
				A1A1A1A1A1A1A1A1A1A10005 /* PianoApp.app */,
				A1A1A1A1A1A1A1A1A1A10021 /* PianoAppUITests.xctest */,
			);
			name = Products;
			sourceTree = "<group>";
		};
/* End PBXGroup section */

/* Begin PBXNativeTarget section */
		A1A1A1A1A1A1A1A1A1A10004 /* PianoApp */ = {
			isa = PBXNativeTarget;
			buildConfigurationList = A1A1A1A1A1A1A1A1A1A1000B /* Build configuration list for PBXNativeTarget "PianoApp" */;
			buildPhases = (
				A1A1A1A1A1A1A1A1A1A10007 /* Sources */,
				A1A1A1A1A1A1A1A1A1A10008 /* Frameworks */,
				A1A1A1A1A1A1A1A1A1A10009 /* Resources */,
			);
			buildRules = (
			);
			dependencies = (
			);
			fileSystemSynchronizedGroups = (
				A1A1A1A1A1A1A1A1A1A10006 /* PianoApp */,
			);
			name = PianoApp;
			packageProductDependencies = (
				A1A1A1A1A1A1A1A1A1A10011 /* PianoCore */,
			);
			productName = PianoApp;
			productReference = A1A1A1A1A1A1A1A1A1A10005 /* PianoApp.app */;
			productType = "com.apple.product-type.application";
		};
		A1A1A1A1A1A1A1A1A1A10020 /* PianoAppUITests */ = {
			isa = PBXNativeTarget;
			buildConfigurationList = A1A1A1A1A1A1A1A1A1A10026 /* Build configuration list for PBXNativeTarget "PianoAppUITests" */;
			buildPhases = (
				A1A1A1A1A1A1A1A1A1A10023 /* Sources */,
				A1A1A1A1A1A1A1A1A1A10024 /* Frameworks */,
				A1A1A1A1A1A1A1A1A1A10025 /* Resources */,
			);
			buildRules = (
			);
			dependencies = (
				A1A1A1A1A1A1A1A1A1A1002A /* PBXTargetDependency */,
			);
			fileSystemSynchronizedGroups = (
				A1A1A1A1A1A1A1A1A1A10022 /* PianoAppUITests */,
			);
			name = PianoAppUITests;
			packageProductDependencies = (
			);
			productName = PianoAppUITests;
			productReference = A1A1A1A1A1A1A1A1A1A10021 /* PianoAppUITests.xctest */;
			productType = "com.apple.product-type.bundle.ui-testing";
		};
/* End PBXNativeTarget section */

/* Begin PBXProject section */
		A1A1A1A1A1A1A1A1A1A10001 /* Project object */ = {
			isa = PBXProject;
			attributes = {
				BuildIndependentTargetsInParallel = 1;
				LastSwiftUpdateCheck = 1620;
				LastUpgradeCheck = 1620;
				TargetAttributes = {
					A1A1A1A1A1A1A1A1A1A10004 = {
						CreatedOnToolsVersion = 16.2;
					};
					A1A1A1A1A1A1A1A1A1A10020 = {
						CreatedOnToolsVersion = 16.2;
						TestTargetID = A1A1A1A1A1A1A1A1A1A10004;
					};
				};
			};
			buildConfigurationList = A1A1A1A1A1A1A1A1A1A1000A /* Build configuration list for PBXProject "PianoApp" */;
			developmentRegion = en;
			hasScannedForEncodings = 0;
			knownRegions = (
				en,
				Base,
			);
			mainGroup = A1A1A1A1A1A1A1A1A1A10002;
			minimizedProjectReferenceProxies = 1;
			packageReferences = (
				A1A1A1A1A1A1A1A1A1A10010 /* XCLocalSwiftPackageReference "PianoCore" */,
			);
			preferredProjectObjectVersion = 77;
			productRefGroup = A1A1A1A1A1A1A1A1A1A10003 /* Products */;
			projectDirPath = "";
			projectRoot = "";
			targets = (
				A1A1A1A1A1A1A1A1A1A10004 /* PianoApp */,
				A1A1A1A1A1A1A1A1A1A10020 /* PianoAppUITests */,
			);
		};
/* End PBXProject section */

/* Begin PBXResourcesBuildPhase section */
		A1A1A1A1A1A1A1A1A1A10009 /* Resources */ = {
			isa = PBXResourcesBuildPhase;
			buildActionMask = 2147483647;
			files = (
			);
			runOnlyForDeploymentPostprocessing = 0;
		};
		A1A1A1A1A1A1A1A1A1A10025 /* Resources */ = {
			isa = PBXResourcesBuildPhase;
			buildActionMask = 2147483647;
			files = (
			);
			runOnlyForDeploymentPostprocessing = 0;
		};
/* End PBXResourcesBuildPhase section */

/* Begin PBXSourcesBuildPhase section */
		A1A1A1A1A1A1A1A1A1A10007 /* Sources */ = {
			isa = PBXSourcesBuildPhase;
			buildActionMask = 2147483647;
			files = (
			);
			runOnlyForDeploymentPostprocessing = 0;
		};
		A1A1A1A1A1A1A1A1A1A10023 /* Sources */ = {
			isa = PBXSourcesBuildPhase;
			buildActionMask = 2147483647;
			files = (
			);
			runOnlyForDeploymentPostprocessing = 0;
		};
/* End PBXSourcesBuildPhase section */

/* Begin PBXTargetDependency section */
		A1A1A1A1A1A1A1A1A1A1002A /* PBXTargetDependency */ = {
			isa = PBXTargetDependency;
			target = A1A1A1A1A1A1A1A1A1A10004 /* PianoApp */;
			targetProxy = A1A1A1A1A1A1A1A1A1A10029 /* PBXContainerItemProxy */;
		};
/* End PBXTargetDependency section */

/* Begin XCBuildConfiguration section */
		A1A1A1A1A1A1A1A1A1A1000C /* Debug */ = {
			isa = XCBuildConfiguration;
			buildSettings = {
				ALWAYS_SEARCH_USER_PATHS = NO;
				ASSETCATALOG_COMPILER_GENERATE_SWIFT_ASSET_SYMBOL_EXTENSIONS = YES;
				CLANG_ANALYZER_NONNULL = YES;
				CLANG_ANALYZER_NUMBER_OBJECT_CONVERSION = YES_AGGRESSIVE;
				CLANG_ENABLE_MODULES = YES;
				CLANG_ENABLE_OBJC_ARC = YES;
				CLANG_ENABLE_OBJC_WEAK = YES;
				CLANG_WARN_BOOL_CONVERSION = YES;
				CLANG_WARN_CONSTANT_CONVERSION = YES;
				CLANG_WARN_DOCUMENTATION_COMMENTS = YES;
				CLANG_WARN_EMPTY_BODY = YES;
				CLANG_WARN_ENUM_CONVERSION = YES;
				CLANG_WARN_INFINITE_RECURSION = YES;
				CLANG_WARN_INT_CONVERSION = YES;
				CLANG_WARN_UNREACHABLE_CODE = YES;
				COPY_PHASE_STRIP = NO;
				DEBUG_INFORMATION_FORMAT = dwarf;
				ENABLE_STRICT_OBJC_MSGSEND = YES;
				ENABLE_TESTABILITY = YES;
				ENABLE_USER_SCRIPT_SANDBOXING = YES;
				GCC_C_LANGUAGE_STANDARD = gnu17;
				GCC_DYNAMIC_NO_PIC = NO;
				GCC_NO_COMMON_BLOCKS = YES;
				GCC_OPTIMIZATION_LEVEL = 0;
				GCC_PREPROCESSOR_DEFINITIONS = (
					"DEBUG=1",
					"$(inherited)",
				);
				GCC_WARN_ABOUT_RETURN_TYPE = YES_ERROR;
				GCC_WARN_UNINITIALIZED_AUTOS = YES_AGGRESSIVE;
				GCC_WARN_UNUSED_FUNCTION = YES;
				GCC_WARN_UNUSED_VARIABLE = YES;
				IPHONEOS_DEPLOYMENT_TARGET = 16.6;
				MTL_ENABLE_DEBUG_INFO = INCLUDE_SOURCE;
				MTL_FAST_MATH = YES;
				ONLY_ACTIVE_ARCH = YES;
				SDKROOT = iphoneos;
				SWIFT_ACTIVE_COMPILATION_CONDITIONS = "DEBUG $(inherited)";
				SWIFT_OPTIMIZATION_LEVEL = "-Onone";
			};
			name = Debug;
		};
		A1A1A1A1A1A1A1A1A1A1000D /* Release */ = {
			isa = XCBuildConfiguration;
			buildSettings = {
				ALWAYS_SEARCH_USER_PATHS = NO;
				ASSETCATALOG_COMPILER_GENERATE_SWIFT_ASSET_SYMBOL_EXTENSIONS = YES;
				CLANG_ANALYZER_NONNULL = YES;
				CLANG_ANALYZER_NUMBER_OBJECT_CONVERSION = YES_AGGRESSIVE;
				CLANG_ENABLE_MODULES = YES;
				CLANG_ENABLE_OBJC_ARC = YES;
				CLANG_ENABLE_OBJC_WEAK = YES;
				CLANG_WARN_BOOL_CONVERSION = YES;
				CLANG_WARN_CONSTANT_CONVERSION = YES;
				CLANG_WARN_DOCUMENTATION_COMMENTS = YES;
				CLANG_WARN_EMPTY_BODY = YES;
				CLANG_WARN_ENUM_CONVERSION = YES;
				CLANG_WARN_INFINITE_RECURSION = YES;
				CLANG_WARN_INT_CONVERSION = YES;
				CLANG_WARN_UNREACHABLE_CODE = YES;
				COPY_PHASE_STRIP = NO;
				DEBUG_INFORMATION_FORMAT = "dwarf-with-dsym";
				ENABLE_NS_ASSERTIONS = NO;
				ENABLE_STRICT_OBJC_MSGSEND = YES;
				ENABLE_USER_SCRIPT_SANDBOXING = YES;
				GCC_C_LANGUAGE_STANDARD = gnu17;
				GCC_NO_COMMON_BLOCKS = YES;
				GCC_WARN_ABOUT_RETURN_TYPE = YES_ERROR;
				GCC_WARN_UNINITIALIZED_AUTOS = YES_AGGRESSIVE;
				GCC_WARN_UNUSED_FUNCTION = YES;
				GCC_WARN_UNUSED_VARIABLE = YES;
				IPHONEOS_DEPLOYMENT_TARGET = 16.6;
				MTL_ENABLE_DEBUG_INFO = NO;
				MTL_FAST_MATH = YES;
				SDKROOT = iphoneos;
				SWIFT_COMPILATION_MODE = wholemodule;
				VALIDATE_PRODUCT = YES;
			};
			name = Release;
		};
		A1A1A1A1A1A1A1A1A1A1000E /* Debug */ = {
			isa = XCBuildConfiguration;
			buildSettings = {
				CODE_SIGN_STYLE = Automatic;
				CURRENT_PROJECT_VERSION = 1;
				DEVELOPMENT_TEAM = 52PR572G2C;
				ENABLE_PREVIEWS = YES;
				GENERATE_INFOPLIST_FILE = YES;
				INFOPLIST_KEY_UIApplicationSceneManifest_Generation = YES;
				INFOPLIST_KEY_UIApplicationSupportsIndirectInputEvents = YES;
				INFOPLIST_KEY_UILaunchScreen_Generation = YES;
				INFOPLIST_KEY_UISupportedInterfaceOrientations_iPad = "UIInterfaceOrientationPortrait UIInterfaceOrientationPortraitUpsideDown UIInterfaceOrientationLandscapeLeft UIInterfaceOrientationLandscapeRight";
				INFOPLIST_KEY_UISupportedInterfaceOrientations_iPhone = "UIInterfaceOrientationPortrait UIInterfaceOrientationLandscapeLeft UIInterfaceOrientationLandscapeRight";
				IPHONEOS_DEPLOYMENT_TARGET = 16.6;
				LD_RUNPATH_SEARCH_PATHS = (
					"$(inherited)",
					"@executable_path/Frameworks",
				);
				MARKETING_VERSION = 1.0;
				PRODUCT_BUNDLE_IDENTIFIER = Becca.PianoApp;
				PRODUCT_NAME = "$(TARGET_NAME)";
				SWIFT_EMIT_LOC_STRINGS = YES;
				SWIFT_VERSION = 5.0;
				TARGETED_DEVICE_FAMILY = "1,2";
			};
			name = Debug;
		};
		A1A1A1A1A1A1A1A1A1A1000F /* Release */ = {
			isa = XCBuildConfiguration;
			buildSettings = {
				CODE_SIGN_STYLE = Automatic;
				CURRENT_PROJECT_VERSION = 1;
				DEVELOPMENT_TEAM = 52PR572G2C;
				ENABLE_PREVIEWS = YES;
				GENERATE_INFOPLIST_FILE = YES;
				INFOPLIST_KEY_UIApplicationSceneManifest_Generation = YES;
				INFOPLIST_KEY_UIApplicationSupportsIndirectInputEvents = YES;
				INFOPLIST_KEY_UILaunchScreen_Generation = YES;
				INFOPLIST_KEY_UISupportedInterfaceOrientations_iPad = "UIInterfaceOrientationPortrait UIInterfaceOrientationPortraitUpsideDown UIInterfaceOrientationLandscapeLeft UIInterfaceOrientationLandscapeRight";
				INFOPLIST_KEY_UISupportedInterfaceOrientations_iPhone = "UIInterfaceOrientationPortrait UIInterfaceOrientationLandscapeLeft UIInterfaceOrientationLandscapeRight";
				IPHONEOS_DEPLOYMENT_TARGET = 16.6;
				LD_RUNPATH_SEARCH_PATHS = (
					"$(inherited)",
					"@executable_path/Frameworks",
				);
				MARKETING_VERSION = 1.0;
				PRODUCT_BUNDLE_IDENTIFIER = Becca.PianoApp;
				PRODUCT_NAME = "$(TARGET_NAME)";
				SWIFT_EMIT_LOC_STRINGS = YES;
				SWIFT_VERSION = 5.0;
				TARGETED_DEVICE_FAMILY = "1,2";
			};
			name = Release;
		};
		A1A1A1A1A1A1A1A1A1A10027 /* Debug */ = {
			isa = XCBuildConfiguration;
			buildSettings = {
				CODE_SIGN_STYLE = Automatic;
				CURRENT_PROJECT_VERSION = 1;
				DEVELOPMENT_TEAM = 52PR572G2C;
				GENERATE_INFOPLIST_FILE = YES;
				IPHONEOS_DEPLOYMENT_TARGET = 16.6;
				MARKETING_VERSION = 1.0;
				PRODUCT_BUNDLE_IDENTIFIER = Becca.PianoAppUITests;
				PRODUCT_NAME = "$(TARGET_NAME)";
				SWIFT_EMIT_LOC_STRINGS = NO;
				SWIFT_VERSION = 5.0;
				TARGETED_DEVICE_FAMILY = "1,2";
				TEST_TARGET_NAME = PianoApp;
			};
			name = Debug;
		};
		A1A1A1A1A1A1A1A1A1A10028 /* Release */ = {
			isa = XCBuildConfiguration;
			buildSettings = {
				CODE_SIGN_STYLE = Automatic;
				CURRENT_PROJECT_VERSION = 1;
				DEVELOPMENT_TEAM = 52PR572G2C;
				GENERATE_INFOPLIST_FILE = YES;
				IPHONEOS_DEPLOYMENT_TARGET = 16.6;
				MARKETING_VERSION = 1.0;
				PRODUCT_BUNDLE_IDENTIFIER = Becca.PianoAppUITests;
				PRODUCT_NAME = "$(TARGET_NAME)";
				SWIFT_EMIT_LOC_STRINGS = NO;
				SWIFT_VERSION = 5.0;
				TARGETED_DEVICE_FAMILY = "1,2";
				TEST_TARGET_NAME = PianoApp;
			};
			name = Release;
		};
/* End XCBuildConfiguration section */

/* Begin XCConfigurationList section */
		A1A1A1A1A1A1A1A1A1A1000A /* Build configuration list for PBXProject "PianoApp" */ = {
			isa = XCConfigurationList;
			buildConfigurations = (
				A1A1A1A1A1A1A1A1A1A1000C /* Debug */,
				A1A1A1A1A1A1A1A1A1A1000D /* Release */,
			);
			defaultConfigurationIsVisible = 0;
			defaultConfigurationName = Release;
		};
		A1A1A1A1A1A1A1A1A1A1000B /* Build configuration list for PBXNativeTarget "PianoApp" */ = {
			isa = XCConfigurationList;
			buildConfigurations = (
				A1A1A1A1A1A1A1A1A1A1000E /* Debug */,
				A1A1A1A1A1A1A1A1A1A1000F /* Release */,
			);
			defaultConfigurationIsVisible = 0;
			defaultConfigurationName = Release;
		};
		A1A1A1A1A1A1A1A1A1A10026 /* Build configuration list for PBXNativeTarget "PianoAppUITests" */ = {
			isa = XCConfigurationList;
			buildConfigurations = (
				A1A1A1A1A1A1A1A1A1A10027 /* Debug */,
				A1A1A1A1A1A1A1A1A1A10028 /* Release */,
			);
			defaultConfigurationIsVisible = 0;
			defaultConfigurationName = Release;
		};
/* End XCConfigurationList section */

/* Begin XCLocalSwiftPackageReference section */
		A1A1A1A1A1A1A1A1A1A10010 /* XCLocalSwiftPackageReference "PianoCore" */ = {
			isa = XCLocalSwiftPackageReference;
			relativePath = PianoCore;
		};
/* End XCLocalSwiftPackageReference section */

/* Begin XCSwiftPackageProductDependency section */
		A1A1A1A1A1A1A1A1A1A10011 /* PianoCore */ = {
			isa = XCSwiftPackageProductDependency;
			productName = PianoCore;
		};
/* End XCSwiftPackageProductDependency section */
	};
	rootObject = A1A1A1A1A1A1A1A1A1A10001 /* Project object */;
}
